github.com/yageek/lambertgo v1.0.1-0.20171212122744-c5fdaf5b0098 h1:9wkbbef8Cxyj0tm0hH4E02AMgDNs/JBzaaGgLc3K8M8=
github.com/yageek/lambertgo v1.0.1-0.20171212122744-c5fdaf5b0098/go.mod h1:Fthf2pn85W/KZBoXiIQUZ4xyVlvds+i4jHNrOCsD5vI=
gopkg.in/yageek/lambertgo.v1 v1.0.0 h1:iCpivd5Ge2ABqbpTR5S1UuA4Qn0CMeSFv2FyLUHdo1E=
gopkg.in/yageek/lambertgo.v1 v1.0.0/go.mod h1:Ebmlj0XNIInVmlS647nUkqkxCZ/Ku6tOXi51wnCa0A0=
